
Microsoft Visual Studio Solution File, Format Version 12.00
# Visual Studio 15
VisualStudioVersion = 15.0.27428.2037
MinimumVisualStudioVersion = 10.0.40219.1
Project("{8BC9CEB8-8B4A-11D0-8D11-00A0C91BC942}") = "CollectorESP32", "CollectorESP32\CollectorESP32.vcxproj", "{293BBA33-D2D3-4E39-9BE9-1162C8B824E5}"
EndProject
Global
	GlobalSection(SolutionConfigurationPlatforms) = preSolution
		Debug|x64 = Debug|x64
		Debug|x86 = Debug|x86
		Release|x64 = Release|x64
		Release|x86 = Release|x86
	EndGlobalSection
	GlobalSection(ProjectConfigurationPlatforms) = postSolution
		{293BBA33-D2D3-4E39-9BE9-1162C8B824E5}.Debug|x64.ActiveCfg = Debug|x64
		{293BBA33-D2D3-4E39-9BE9-1162C8B824E5}.Debug|x64.Build.0 = Debug|x64
		{293BBA33-D2D3-4E39-9BE9-1162C8B824E5}.Debug|x86.ActiveCfg = Debug|Win32
		{293BBA33-D2D3-4E39-9BE9-1162C8B824E5}.Debug|x86.Build.0 = Debug|Win32
		{293BBA33-D2D3-4E39-9BE9-1162C8B824E5}.Release|x64.ActiveCfg = Release|x64
		{293BBA33-D2D3-4E39-9BE9-1162C8B824E5}.Release|x64.Build.0 = Release|x64
		{293BBA33-D2D3-4E39-9BE9-1162C8B824E5}.Release|x86.ActiveCfg = Release|Win32
		{293BBA33-D2D3-4E39-9BE9-1162C8B824E5}.Release|x86.Build.0 = Release|Win32
	EndGlobalSection
	GlobalSection(SolutionProperties) = preSolution
		HideSolutionNode = FALSE
	EndGlobalSection
	GlobalSection(ExtensibilityGlobals) = postSolution
		SolutionGuid = {ED9A2C23-936F-4D3B-B1FC-283C93B7D867}
	EndGlobalSection
EndGlobal
